
Microsoft Visual Studio Solution File, Format Version 12.00
# Visual Studio Version 17
VisualStudioVersion = 17.0.31903.59
MinimumVisualStudioVersion = 10.0.40219.1
Project("{2150E333-8FDC-42A3-9474-1A3956D46DE8}") = "agents", "agents", "{B33F7F66-95C7-97AE-2462-F6D15419E3EF}"
EndProject
Project("{2150E333-8FDC-42A3-9474-1A3956D46DE8}") = "FounderScout", "FounderScout", "{AF7487F6-9B74-3A2E-AA7A-88C9E30C1622}"
EndProject
Project("{FAE04EC0-301F-11D3-BF4B-00C04F79EFBC}") = "FounderScout.Agent", "agents\FounderScout\FounderScout.Agent\FounderScout.Agent.csproj", "{03C92A94-79DD-43E7-92A5-5B461322B73B}"
EndProject
Project("{FAE04EC0-301F-11D3-BF4B-00C04F79EFBC}") = "FounderScout.Application", "agents\FounderScout\FounderScout.Application\FounderScout.Application.csproj", "{0DA504CA-5899-467E-8514-D3D762BD7D12}"
EndProject
Project("{FAE04EC0-301F-11D3-BF4B-00C04F79EFBC}") = "FounderScout.Domain", "agents\FounderScout\FounderScout.Domain\FounderScout.Domain.csproj", "{2EAEFC99-D6A1-482A-B05B-E4A8E7BFB6C4}"
EndProject
Project("{FAE04EC0-301F-11D3-BF4B-00C04F79EFBC}") = "FounderScout.Infrastructure", "agents\FounderScout\FounderScout.Infrastructure\FounderScout.Infrastructure.csproj", "{95BABE7A-8801-46EF-85AE-183A5B210FB7}"
EndProject
Project("{2150E333-8FDC-42A3-9474-1A3956D46DE8}") = "WakeRemote", "WakeRemote", "{F6A3B3CA-1445-1C70-6A2F-5501CE63D136}"
EndProject
Project("{FAE04EC0-301F-11D3-BF4B-00C04F79EFBC}") = "WakeRemote.Agent", "agents\WakeRemote\WakeRemote.Agent\WakeRemote.Agent.csproj", "{95866DBA-A9DB-457D-9D81-2FA0C68DB48E}"
EndProject
Project("{FAE04EC0-301F-11D3-BF4B-00C04F79EFBC}") = "WakeRemote.Application", "agents\WakeRemote\WakeRemote.Application\WakeRemote.Application.csproj", "{2742B9B6-9050-45D3-8561-D77788B75E61}"
EndProject
Project("{FAE04EC0-301F-11D3-BF4B-00C04F79EFBC}") = "WakeRemote.Infrastructure", "agents\WakeRemote\WakeRemote.Infrastructure\WakeRemote.Infrastructure.csproj", "{72FC378D-D3ED-4ADC-8CEA-170B1527B5A8}"
EndProject
Project("{2150E333-8FDC-42A3-9474-1A3956D46DE8}") = "src", "src", "{827E0CD3-B72D-47B6-A68D-7590B98EB39B}"
EndProject
Project("{FAE04EC0-301F-11D3-BF4B-00C04F79EFBC}") = "HomeBusinessAssistant.AgentSdk", "src\HomeBusinessAssistant.AgentSdk\HomeBusinessAssistant.AgentSdk.csproj", "{4CA62207-04BD-4E14-9E51-3BBEF38901F6}"
EndProject
Project("{FAE04EC0-301F-11D3-BF4B-00C04F79EFBC}") = "HomeBusinessAssistant.Application", "src\HomeBusinessAssistant.Application\HomeBusinessAssistant.Application.csproj", "{CF2F43BB-86A7-44E3-93D7-459ADE0AEC18}"
EndProject
Project("{FAE04EC0-301F-11D3-BF4B-00C04F79EFBC}") = "HomeBusinessAssistant.Domain", "src\HomeBusinessAssistant.Domain\HomeBusinessAssistant.Domain.csproj", "{437620B4-4943-4DE2-A5C7-803DD85D8781}"
EndProject
Project("{FAE04EC0-301F-11D3-BF4B-00C04F79EFBC}") = "HomeBusinessAssistant.Host", "src\HomeBusinessAssistant.Host\HomeBusinessAssistant.Host.csproj", "{F6F6C85B-3C85-44C5-9A8B-8C2B7791E65E}"
EndProject
Project("{FAE04EC0-301F-11D3-BF4B-00C04F79EFBC}") = "HomeBusinessAssistant.Infrastructure", "src\HomeBusinessAssistant.Infrastructure\HomeBusinessAssistant.Infrastructure.csproj", "{71C9FB6B-F90E-4B24-82B0-4A7A1D3D31C9}"
EndProject
Project("{FAE04EC0-301F-11D3-BF4B-00C04F79EFBC}") = "HomeBusinessAssistant.Runner", "src\HomeBusinessAssistant.Runner\HomeBusinessAssistant.Runner.csproj", "{7A059E40-2E18-4509-9278-CD0631A4880C}"
EndProject
Project("{FAE04EC0-301F-11D3-BF4B-00C04F79EFBC}") = "HomeBusinessAssistant.Windows", "src\HomeBusinessAssistant.Windows\HomeBusinessAssistant.Windows.csproj", "{8C1A626C-C1BD-410C-B2CC-7BE760623191}"
EndProject
Project("{2150E333-8FDC-42A3-9474-1A3956D46DE8}") = "tests", "tests", "{0AB3BF05-4346-4AA6-1389-037BE0695223}"
EndProject
Project("{FAE04EC0-301F-11D3-BF4B-00C04F79EFBC}") = "FounderScout.Tests", "tests\FounderScout.Tests\FounderScout.Tests.csproj", "{4AB4B157-746F-4637-B9EF-429821240017}"
EndProject
Project("{FAE04EC0-301F-11D3-BF4B-00C04F79EFBC}") = "HomeBusinessAssistant.AgentSdk.Tests", "tests\HomeBusinessAssistant.AgentSdk.Tests\HomeBusinessAssistant.AgentSdk.Tests.csproj", "{7B68A905-87C0-4072-AB3C-F6AE2EB9619A}"
EndProject
Project("{FAE04EC0-301F-11D3-BF4B-00C04F79EFBC}") = "HomeBusinessAssistant.Application.Tests", "tests\HomeBusinessAssistant.Application.Tests\HomeBusinessAssistant.Application.Tests.csproj", "{7EB081D2-F3FD-4CD2-86D5-9DF9FA414333}"
EndProject
Project("{FAE04EC0-301F-11D3-BF4B-00C04F79EFBC}") = "HomeBusinessAssistant.Domain.Tests", "tests\HomeBusinessAssistant.Domain.Tests\HomeBusinessAssistant.Domain.Tests.csproj", "{B9D9BB73-04CD-4855-B74D-C628829233A3}"
EndProject
Project("{FAE04EC0-301F-11D3-BF4B-00C04F79EFBC}") = "HomeBusinessAssistant.EndToEndTests", "tests\HomeBusinessAssistant.EndToEndTests\HomeBusinessAssistant.EndToEndTests.csproj", "{655BDC55-985A-407A-8D72-73BC4BA6B7C4}"
EndProject
Project("{FAE04EC0-301F-11D3-BF4B-00C04F79EFBC}") = "HomeBusinessAssistant.Host.Tests", "tests\HomeBusinessAssistant.Host.Tests\HomeBusinessAssistant.Host.Tests.csproj", "{6E32A49E-B8A6-4799-9947-557D51E63F39}"
EndProject
Project("{FAE04EC0-301F-11D3-BF4B-00C04F79EFBC}") = "HomeBusinessAssistant.Infrastructure.Tests", "tests\HomeBusinessAssistant.Infrastructure.Tests\HomeBusinessAssistant.Infrastructure.Tests.csproj", "{2B8DB2D1-8C33-4C83-ACA1-92E8C144DF81}"
EndProject
Project("{FAE04EC0-301F-11D3-BF4B-00C04F79EFBC}") = "HomeBusinessAssistant.Runner.Tests", "tests\HomeBusinessAssistant.Runner.Tests\HomeBusinessAssistant.Runner.Tests.csproj", "{B3D058F2-13F5-425C-BF2E-2F9703220FF3}"
EndProject
Project("{FAE04EC0-301F-11D3-BF4B-00C04F79EFBC}") = "HomeBusinessAssistant.Windows.Tests", "tests\HomeBusinessAssistant.Windows.Tests\HomeBusinessAssistant.Windows.Tests.csproj", "{30F31012-EDCF-4C47-B95E-110A2D3568F6}"
EndProject
Project("{FAE04EC0-301F-11D3-BF4B-00C04F79EFBC}") = "WakeRemote.Tests", "tests\WakeRemote.Tests\WakeRemote.Tests.csproj", "{92827167-5B27-4EB6-8F1A-C4B1743AFD3F}"
EndProject
Project("{FAE04EC0-301F-11D3-BF4B-00C04F79EFBC}") = "HomeBusinessAssistant.TestAgent", "tests\HomeBusinessAssistant.TestAgent\HomeBusinessAssistant.TestAgent.csproj", "{8EEF7493-1D79-4B9A-9ABA-3B150E28F064}"
EndProject
Project("{2150E333-8FDC-42A3-9474-1A3956D46DE8}") = "SampleBusinessAgent", "SampleBusinessAgent", "{B9691A9C-0EAA-B547-47F2-574C473EBA1C}"
EndProject
Project("{FAE04EC0-301F-11D3-BF4B-00C04F79EFBC}") = "SampleBusinessAgent.Application", "agents\SampleBusinessAgent\SampleBusinessAgent.Application\SampleBusinessAgent.Application.csproj", "{9ADB7846-FE27-4774-A048-2FA19EECAC3E}"
EndProject
Project("{FAE04EC0-301F-11D3-BF4B-00C04F79EFBC}") = "SampleBusinessAgent.Infrastructure", "agents\SampleBusinessAgent\SampleBusinessAgent.Infrastructure\SampleBusinessAgent.Infrastructure.csproj", "{FAC34D7D-969E-444E-94F5-A5140EE1F3D6}"
EndProject
Project("{FAE04EC0-301F-11D3-BF4B-00C04F79EFBC}") = "SampleBusinessAgent.Agent", "agents\SampleBusinessAgent\SampleBusinessAgent.Agent\SampleBusinessAgent.Agent.csproj", "{C75EC492-C404-488B-ABAC-DE09ACC6B239}"
EndProject
Project("{FAE04EC0-301F-11D3-BF4B-00C04F79EFBC}") = "SampleBusinessAgent.Tests", "agents\SampleBusinessAgent\SampleBusinessAgent.Tests\SampleBusinessAgent.Tests.csproj", "{CF9ABA63-4620-457E-80E8-A6DD315AE64A}"
EndProject
Project("{FAE04EC0-301F-11D3-BF4B-00C04F79EFBC}") = "FounderScout.SimpleCli", "agents\FounderScout\FounderScout.SimpleCli\FounderScout.SimpleCli.csproj", "{A89520F4-A448-475A-A58B-CE7C689C2748}"
EndProject
Global
	GlobalSection(SolutionConfigurationPlatforms) = preSolution
		Debug|Any CPU = Debug|Any CPU
		Debug|x64 = Debug|x64
		Debug|x86 = Debug|x86
		Release|Any CPU = Release|Any CPU
		Release|x64 = Release|x64
		Release|x86 = Release|x86
	EndGlobalSection
	GlobalSection(ProjectConfigurationPlatforms) = postSolution
		{03C92A94-79DD-43E7-92A5-5B461322B73B}.Debug|Any CPU.ActiveCfg = Debug|Any CPU
		{03C92A94-79DD-43E7-92A5-5B461322B73B}.Debug|Any CPU.Build.0 = Debug|Any CPU
		{03C92A94-79DD-43E7-92A5-5B461322B73B}.Debug|x64.ActiveCfg = Debug|Any CPU
		{03C92A94-79DD-43E7-92A5-5B461322B73B}.Debug|x64.Build.0 = Debug|Any CPU
		{03C92A94-79DD-43E7-92A5-5B461322B73B}.Debug|x86.ActiveCfg = Debug|Any CPU
		{03C92A94-79DD-43E7-92A5-5B461322B73B}.Debug|x86.Build.0 = Debug|Any CPU
		{03C92A94-79DD-43E7-92A5-5B461322B73B}.Release|Any CPU.ActiveCfg = Release|Any CPU
		{03C92A94-79DD-43E7-92A5-5B461322B73B}.Release|Any CPU.Build.0 = Release|Any CPU
		{03C92A94-79DD-43E7-92A5-5B461322B73B}.Release|x64.ActiveCfg = Release|Any CPU
		{03C92A94-79DD-43E7-92A5-5B461322B73B}.Release|x64.Build.0 = Release|Any CPU
		{03C92A94-79DD-43E7-92A5-5B461322B73B}.Release|x86.ActiveCfg = Release|Any CPU
		{03C92A94-79DD-43E7-92A5-5B461322B73B}.Release|x86.Build.0 = Release|Any CPU
		{0DA504CA-5899-467E-8514-D3D762BD7D12}.Debug|Any CPU.ActiveCfg = Debug|Any CPU
		{0DA504CA-5899-467E-8514-D3D762BD7D12}.Debug|Any CPU.Build.0 = Debug|Any CPU
		{0DA504CA-5899-467E-8514-D3D762BD7D12}.Debug|x64.ActiveCfg = Debug|Any CPU
		{0DA504CA-5899-467E-8514-D3D762BD7D12}.Debug|x64.Build.0 = Debug|Any CPU
		{0DA504CA-5899-467E-8514-D3D762BD7D12}.Debug|x86.ActiveCfg = Debug|Any CPU
		{0DA504CA-5899-467E-8514-D3D762BD7D12}.Debug|x86.Build.0 = Debug|Any CPU
		{0DA504CA-5899-467E-8514-D3D762BD7D12}.Release|Any CPU.ActiveCfg = Release|Any CPU
		{0DA504CA-5899-467E-8514-D3D762BD7D12}.Release|Any CPU.Build.0 = Release|Any CPU
		{0DA504CA-5899-467E-8514-D3D762BD7D12}.Release|x64.ActiveCfg = Release|Any CPU
		{0DA504CA-5899-467E-8514-D3D762BD7D12}.Release|x64.Build.0 = Release|Any CPU
		{0DA504CA-5899-467E-8514-D3D762BD7D12}.Release|x86.ActiveCfg = Release|Any CPU
		{0DA504CA-5899-467E-8514-D3D762BD7D12}.Release|x86.Build.0 = Release|Any CPU
		{2EAEFC99-D6A1-482A-B05B-E4A8E7BFB6C4}.Debug|Any CPU.ActiveCfg = Debug|Any CPU
		{2EAEFC99-D6A1-482A-B05B-E4A8E7BFB6C4}.Debug|Any CPU.Build.0 = Debug|Any CPU
		{2EAEFC99-D6A1-482A-B05B-E4A8E7BFB6C4}.Debug|x64.ActiveCfg = Debug|Any CPU
		{2EAEFC99-D6A1-482A-B05B-E4A8E7BFB6C4}.Debug|x64.Build.0 = Debug|Any CPU
		{2EAEFC99-D6A1-482A-B05B-E4A8E7BFB6C4}.Debug|x86.ActiveCfg = Debug|Any CPU
		{2EAEFC99-D6A1-482A-B05B-E4A8E7BFB6C4}.Debug|x86.Build.0 = Debug|Any CPU
		{2EAEFC99-D6A1-482A-B05B-E4A8E7BFB6C4}.Release|Any CPU.ActiveCfg = Release|Any CPU
		{2EAEFC99-D6A1-482A-B05B-E4A8E7BFB6C4}.Release|Any CPU.Build.0 = Release|Any CPU
		{2EAEFC99-D6A1-482A-B05B-E4A8E7BFB6C4}.Release|x64.ActiveCfg = Release|Any CPU
		{2EAEFC99-D6A1-482A-B05B-E4A8E7BFB6C4}.Release|x64.Build.0 = Release|Any CPU
		{2EAEFC99-D6A1-482A-B05B-E4A8E7BFB6C4}.Release|x86.ActiveCfg = Release|Any CPU
		{2EAEFC99-D6A1-482A-B05B-E4A8E7BFB6C4}.Release|x86.Build.0 = Release|Any CPU
		{95BABE7A-8801-46EF-85AE-183A5B210FB7}.Debug|Any CPU.ActiveCfg = Debug|Any CPU
		{95BABE7A-8801-46EF-85AE-183A5B210FB7}.Debug|Any CPU.Build.0 = Debug|Any CPU
		{95BABE7A-8801-46EF-85AE-183A5B210FB7}.Debug|x64.ActiveCfg = Debug|Any CPU
		{95BABE7A-8801-46EF-85AE-183A5B210FB7}.Debug|x64.Build.0 = Debug|Any CPU
		{95BABE7A-8801-46EF-85AE-183A5B210FB7}.Debug|x86.ActiveCfg = Debug|Any CPU
		{95BABE7A-8801-46EF-85AE-183A5B210FB7}.Debug|x86.Build.0 = Debug|Any CPU
		{95BABE7A-8801-46EF-85AE-183A5B210FB7}.Release|Any CPU.ActiveCfg = Release|Any CPU
		{95BABE7A-8801-46EF-85AE-183A5B210FB7}.Release|Any CPU.Build.0 = Release|Any CPU
		{95BABE7A-8801-46EF-85AE-183A5B210FB7}.Release|x64.ActiveCfg = Release|Any CPU
		{95BABE7A-8801-46EF-85AE-183A5B210FB7}.Release|x64.Build.0 = Release|Any CPU
		{95BABE7A-8801-46EF-85AE-183A5B210FB7}.Release|x86.ActiveCfg = Release|Any CPU
		{95BABE7A-8801-46EF-85AE-183A5B210FB7}.Release|x86.Build.0 = Release|Any CPU
		{95866DBA-A9DB-457D-9D81-2FA0C68DB48E}.Debug|Any CPU.ActiveCfg = Debug|Any CPU
		{95866DBA-A9DB-457D-9D81-2FA0C68DB48E}.Debug|Any CPU.Build.0 = Debug|Any CPU
		{95866DBA-A9DB-457D-9D81-2FA0C68DB48E}.Debug|x64.ActiveCfg = Debug|Any CPU
		{95866DBA-A9DB-457D-9D81-2FA0C68DB48E}.Debug|x64.Build.0 = Debug|Any CPU
		{95866DBA-A9DB-457D-9D81-2FA0C68DB48E}.Debug|x86.ActiveCfg = Debug|Any CPU
		{95866DBA-A9DB-457D-9D81-2FA0C68DB48E}.Debug|x86.Build.0 = Debug|Any CPU
		{95866DBA-A9DB-457D-9D81-2FA0C68DB48E}.Release|Any CPU.ActiveCfg = Release|Any CPU
		{95866DBA-A9DB-457D-9D81-2FA0C68DB48E}.Release|Any CPU.Build.0 = Release|Any CPU
		{95866DBA-A9DB-457D-9D81-2FA0C68DB48E}.Release|x64.ActiveCfg = Release|Any CPU
		{95866DBA-A9DB-457D-9D81-2FA0C68DB48E}.Release|x64.Build.0 = Release|Any CPU
		{95866DBA-A9DB-457D-9D81-2FA0C68DB48E}.Release|x86.ActiveCfg = Release|Any CPU
		{95866DBA-A9DB-457D-9D81-2FA0C68DB48E}.Release|x86.Build.0 = Release|Any CPU
		{2742B9B6-9050-45D3-8561-D77788B75E61}.Debug|Any CPU.ActiveCfg = Debug|Any CPU
		{2742B9B6-9050-45D3-8561-D77788B75E61}.Debug|Any CPU.Build.0 = Debug|Any CPU
		{2742B9B6-9050-45D3-8561-D77788B75E61}.Debug|x64.ActiveCfg = Debug|Any CPU
		{2742B9B6-9050-45D3-8561-D77788B75E61}.Debug|x64.Build.0 = Debug|Any CPU
		{2742B9B6-9050-45D3-8561-D77788B75E61}.Debug|x86.ActiveCfg = Debug|Any CPU
		{2742B9B6-9050-45D3-8561-D77788B75E61}.Debug|x86.Build.0 = Debug|Any CPU
		{2742B9B6-9050-45D3-8561-D77788B75E61}.Release|Any CPU.ActiveCfg = Release|Any CPU
		{2742B9B6-9050-45D3-8561-D77788B75E61}.Release|Any CPU.Build.0 = Release|Any CPU
		{2742B9B6-9050-45D3-8561-D77788B75E61}.Release|x64.ActiveCfg = Release|Any CPU
		{2742B9B6-9050-45D3-8561-D77788B75E61}.Release|x64.Build.0 = Release|Any CPU
		{2742B9B6-9050-45D3-8561-D77788B75E61}.Release|x86.ActiveCfg = Release|Any CPU
		{2742B9B6-9050-45D3-8561-D77788B75E61}.Release|x86.Build.0 = Release|Any CPU
		{72FC378D-D3ED-4ADC-8CEA-170B1527B5A8}.Debug|Any CPU.ActiveCfg = Debug|Any CPU
		{72FC378D-D3ED-4ADC-8CEA-170B1527B5A8}.Debug|Any CPU.Build.0 = Debug|Any CPU
		{72FC378D-D3ED-4ADC-8CEA-170B1527B5A8}.Debug|x64.ActiveCfg = Debug|Any CPU
		{72FC378D-D3ED-4ADC-8CEA-170B1527B5A8}.Debug|x64.Build.0 = Debug|Any CPU
		{72FC378D-D3ED-4ADC-8CEA-170B1527B5A8}.Debug|x86.ActiveCfg = Debug|Any CPU
		{72FC378D-D3ED-4ADC-8CEA-170B1527B5A8}.Debug|x86.Build.0 = Debug|Any CPU
		{72FC378D-D3ED-4ADC-8CEA-170B1527B5A8}.Release|Any CPU.ActiveCfg = Release|Any CPU
		{72FC378D-D3ED-4ADC-8CEA-170B1527B5A8}.Release|Any CPU.Build.0 = Release|Any CPU
		{72FC378D-D3ED-4ADC-8CEA-170B1527B5A8}.Release|x64.ActiveCfg = Release|Any CPU
		{72FC378D-D3ED-4ADC-8CEA-170B1527B5A8}.Release|x64.Build.0 = Release|Any CPU
		{72FC378D-D3ED-4ADC-8CEA-170B1527B5A8}.Release|x86.ActiveCfg = Release|Any CPU
		{72FC378D-D3ED-4ADC-8CEA-170B1527B5A8}.Release|x86.Build.0 = Release|Any CPU
		{4CA62207-04BD-4E14-9E51-3BBEF38901F6}.Debug|Any CPU.ActiveCfg = Debug|Any CPU
		{4CA62207-04BD-4E14-9E51-3BBEF38901F6}.Debug|Any CPU.Build.0 = Debug|Any CPU
		{4CA62207-04BD-4E14-9E51-3BBEF38901F6}.Debug|x64.ActiveCfg = Debug|Any CPU
		{4CA62207-04BD-4E14-9E51-3BBEF38901F6}.Debug|x64.Build.0 = Debug|Any CPU
		{4CA62207-04BD-4E14-9E51-3BBEF38901F6}.Debug|x86.ActiveCfg = Debug|Any CPU
		{4CA62207-04BD-4E14-9E51-3BBEF38901F6}.Debug|x86.Build.0 = Debug|Any CPU
		{4CA62207-04BD-4E14-9E51-3BBEF38901F6}.Release|Any CPU.ActiveCfg = Release|Any CPU
		{4CA62207-04BD-4E14-9E51-3BBEF38901F6}.Release|Any CPU.Build.0 = Release|Any CPU
		{4CA62207-04BD-4E14-9E51-3BBEF38901F6}.Release|x64.ActiveCfg = Release|Any CPU
		{4CA62207-04BD-4E14-9E51-3BBEF38901F6}.Release|x64.Build.0 = Release|Any CPU
		{4CA62207-04BD-4E14-9E51-3BBEF38901F6}.Release|x86.ActiveCfg = Release|Any CPU
		{4CA62207-04BD-4E14-9E51-3BBEF38901F6}.Release|x86.Build.0 = Release|Any CPU
		{CF2F43BB-86A7-44E3-93D7-459ADE0AEC18}.Debug|Any CPU.ActiveCfg = Debug|Any CPU
		{CF2F43BB-86A7-44E3-93D7-459ADE0AEC18}.Debug|Any CPU.Build.0 = Debug|Any CPU
		{CF2F43BB-86A7-44E3-93D7-459ADE0AEC18}.Debug|x64.ActiveCfg = Debug|Any CPU
		{CF2F43BB-86A7-44E3-93D7-459ADE0AEC18}.Debug|x64.Build.0 = Debug|Any CPU
		{CF2F43BB-86A7-44E3-93D7-459ADE0AEC18}.Debug|x86.ActiveCfg = Debug|Any CPU
		{CF2F43BB-86A7-44E3-93D7-459ADE0AEC18}.Debug|x86.Build.0 = Debug|Any CPU
		{CF2F43BB-86A7-44E3-93D7-459ADE0AEC18}.Release|Any CPU.ActiveCfg = Release|Any CPU
		{CF2F43BB-86A7-44E3-93D7-459ADE0AEC18}.Release|Any CPU.Build.0 = Release|Any CPU
		{CF2F43BB-86A7-44E3-93D7-459ADE0AEC18}.Release|x64.ActiveCfg = Release|Any CPU
		{CF2F43BB-86A7-44E3-93D7-459ADE0AEC18}.Release|x64.Build.0 = Release|Any CPU
		{CF2F43BB-86A7-44E3-93D7-459ADE0AEC18}.Release|x86.ActiveCfg = Release|Any CPU
		{CF2F43BB-86A7-44E3-93D7-459ADE0AEC18}.Release|x86.Build.0 = Release|Any CPU
		{437620B4-4943-4DE2-A5C7-803DD85D8781}.Debug|Any CPU.ActiveCfg = Debug|Any CPU
		{437620B4-4943-4DE2-A5C7-803DD85D8781}.Debug|Any CPU.Build.0 = Debug|Any CPU
		{437620B4-4943-4DE2-A5C7-803DD85D8781}.Debug|x64.ActiveCfg = Debug|Any CPU
		{437620B4-4943-4DE2-A5C7-803DD85D8781}.Debug|x64.Build.0 = Debug|Any CPU
		{437620B4-4943-4DE2-A5C7-803DD85D8781}.Debug|x86.ActiveCfg = Debug|Any CPU
		{437620B4-4943-4DE2-A5C7-803DD85D8781}.Debug|x86.Build.0 = Debug|Any CPU
		{437620B4-4943-4DE2-A5C7-803DD85D8781}.Release|Any CPU.ActiveCfg = Release|Any CPU
		{437620B4-4943-4DE2-A5C7-803DD85D8781}.Release|Any CPU.Build.0 = Release|Any CPU
		{437620B4-4943-4DE2-A5C7-803DD85D8781}.Release|x64.ActiveCfg = Release|Any CPU
		{437620B4-4943-4DE2-A5C7-803DD85D8781}.Release|x64.Build.0 = Release|Any CPU
		{437620B4-4943-4DE2-A5C7-803DD85D8781}.Release|x86.ActiveCfg = Release|Any CPU
		{437620B4-4943-4DE2-A5C7-803DD85D8781}.Release|x86.Build.0 = Release|Any CPU
		{F6F6C85B-3C85-44C5-9A8B-8C2B7791E65E}.Debug|Any CPU.ActiveCfg = Debug|Any CPU
		{F6F6C85B-3C85-44C5-9A8B-8C2B7791E65E}.Debug|Any CPU.Build.0 = Debug|Any CPU
		{F6F6C85B-3C85-44C5-9A8B-8C2B7791E65E}.Debug|x64.ActiveCfg = Debug|Any CPU
		{F6F6C85B-3C85-44C5-9A8B-8C2B7791E65E}.Debug|x64.Build.0 = Debug|Any CPU
		{F6F6C85B-3C85-44C5-9A8B-8C2B7791E65E}.Debug|x86.ActiveCfg = Debug|Any CPU
		{F6F6C85B-3C85-44C5-9A8B-8C2B7791E65E}.Debug|x86.Build.0 = Debug|Any CPU
		{F6F6C85B-3C85-44C5-9A8B-8C2B7791E65E}.Release|Any CPU.ActiveCfg = Release|Any CPU
		{F6F6C85B-3C85-44C5-9A8B-8C2B7791E65E}.Release|Any CPU.Build.0 = Release|Any CPU
		{F6F6C85B-3C85-44C5-9A8B-8C2B7791E65E}.Release|x64.ActiveCfg = Release|Any CPU
		{F6F6C85B-3C85-44C5-9A8B-8C2B7791E65E}.Release|x64.Build.0 = Release|Any CPU
		{F6F6C85B-3C85-44C5-9A8B-8C2B7791E65E}.Release|x86.ActiveCfg = Release|Any CPU
		{F6F6C85B-3C85-44C5-9A8B-8C2B7791E65E}.Release|x86.Build.0 = Release|Any CPU
		{71C9FB6B-F90E-4B24-82B0-4A7A1D3D31C9}.Debug|Any CPU.ActiveCfg = Debug|Any CPU
		{71C9FB6B-F90E-4B24-82B0-4A7A1D3D31C9}.Debug|Any CPU.Build.0 = Debug|Any CPU
		{71C9FB6B-F90E-4B24-82B0-4A7A1D3D31C9}.Debug|x64.ActiveCfg = Debug|Any CPU
		{71C9FB6B-F90E-4B24-82B0-4A7A1D3D31C9}.Debug|x64.Build.0 = Debug|Any CPU
		{71C9FB6B-F90E-4B24-82B0-4A7A1D3D31C9}.Debug|x86.ActiveCfg = Debug|Any CPU
		{71C9FB6B-F90E-4B24-82B0-4A7A1D3D31C9}.Debug|x86.Build.0 = Debug|Any CPU
		{71C9FB6B-F90E-4B24-82B0-4A7A1D3D31C9}.Release|Any CPU.ActiveCfg = Release|Any CPU
		{71C9FB6B-F90E-4B24-82B0-4A7A1D3D31C9}.Release|Any CPU.Build.0 = Release|Any CPU
		{71C9FB6B-F90E-4B24-82B0-4A7A1D3D31C9}.Release|x64.ActiveCfg = Release|Any CPU
		{71C9FB6B-F90E-4B24-82B0-4A7A1D3D31C9}.Release|x64.Build.0 = Release|Any CPU
		{71C9FB6B-F90E-4B24-82B0-4A7A1D3D31C9}.Release|x86.ActiveCfg = Release|Any CPU
		{71C9FB6B-F90E-4B24-82B0-4A7A1D3D31C9}.Release|x86.Build.0 = Release|Any CPU
		{7A059E40-2E18-4509-9278-CD0631A4880C}.Debug|Any CPU.ActiveCfg = Debug|Any CPU
		{7A059E40-2E18-4509-9278-CD0631A4880C}.Debug|Any CPU.Build.0 = Debug|Any CPU
		{7A059E40-2E18-4509-9278-CD0631A4880C}.Debug|x64.ActiveCfg = Debug|Any CPU
		{7A059E40-2E18-4509-9278-CD0631A4880C}.Debug|x64.Build.0 = Debug|Any CPU
		{7A059E40-2E18-4509-9278-CD0631A4880C}.Debug|x86.ActiveCfg = Debug|Any CPU
		{7A059E40-2E18-4509-9278-CD0631A4880C}.Debug|x86.Build.0 = Debug|Any CPU
		{7A059E40-2E18-4509-9278-CD0631A4880C}.Release|Any CPU.ActiveCfg = Release|Any CPU
		{7A059E40-2E18-4509-9278-CD0631A4880C}.Release|Any CPU.Build.0 = Release|Any CPU
		{7A059E40-2E18-4509-9278-CD0631A4880C}.Release|x64.ActiveCfg = Release|Any CPU
		{7A059E40-2E18-4509-9278-CD0631A4880C}.Release|x64.Build.0 = Release|Any CPU
		{7A059E40-2E18-4509-9278-CD0631A4880C}.Release|x86.ActiveCfg = Release|Any CPU
		{7A059E40-2E18-4509-9278-CD0631A4880C}.Release|x86.Build.0 = Release|Any CPU
		{8C1A626C-C1BD-410C-B2CC-7BE760623191}.Debug|Any CPU.ActiveCfg = Debug|Any CPU
		{8C1A626C-C1BD-410C-B2CC-7BE760623191}.Debug|Any CPU.Build.0 = Debug|Any CPU
		{8C1A626C-C1BD-410C-B2CC-7BE760623191}.Debug|x64.ActiveCfg = Debug|Any CPU
		{8C1A626C-C1BD-410C-B2CC-7BE760623191}.Debug|x64.Build.0 = Debug|Any CPU
		{8C1A626C-C1BD-410C-B2CC-7BE760623191}.Debug|x86.ActiveCfg = Debug|Any CPU
		{8C1A626C-C1BD-410C-B2CC-7BE760623191}.Debug|x86.Build.0 = Debug|Any CPU
		{8C1A626C-C1BD-410C-B2CC-7BE760623191}.Release|Any CPU.ActiveCfg = Release|Any CPU
		{8C1A626C-C1BD-410C-B2CC-7BE760623191}.Release|Any CPU.Build.0 = Release|Any CPU
		{8C1A626C-C1BD-410C-B2CC-7BE760623191}.Release|x64.ActiveCfg = Release|Any CPU
		{8C1A626C-C1BD-410C-B2CC-7BE760623191}.Release|x64.Build.0 = Release|Any CPU
		{8C1A626C-C1BD-410C-B2CC-7BE760623191}.Release|x86.ActiveCfg = Release|Any CPU
		{8C1A626C-C1BD-410C-B2CC-7BE760623191}.Release|x86.Build.0 = Release|Any CPU
		{4AB4B157-746F-4637-B9EF-429821240017}.Debug|Any CPU.ActiveCfg = Debug|Any CPU
		{4AB4B157-746F-4637-B9EF-429821240017}.Debug|Any CPU.Build.0 = Debug|Any CPU
		{4AB4B157-746F-4637-B9EF-429821240017}.Debug|x64.ActiveCfg = Debug|Any CPU
		{4AB4B157-746F-4637-B9EF-429821240017}.Debug|x64.Build.0 = Debug|Any CPU
		{4AB4B157-746F-4637-B9EF-429821240017}.Debug|x86.ActiveCfg = Debug|Any CPU
		{4AB4B157-746F-4637-B9EF-429821240017}.Debug|x86.Build.0 = Debug|Any CPU
		{4AB4B157-746F-4637-B9EF-429821240017}.Release|Any CPU.ActiveCfg = Release|Any CPU
		{4AB4B157-746F-4637-B9EF-429821240017}.Release|Any CPU.Build.0 = Release|Any CPU
		{4AB4B157-746F-4637-B9EF-429821240017}.Release|x64.ActiveCfg = Release|Any CPU
		{4AB4B157-746F-4637-B9EF-429821240017}.Release|x64.Build.0 = Release|Any CPU
		{4AB4B157-746F-4637-B9EF-429821240017}.Release|x86.ActiveCfg = Release|Any CPU
		{4AB4B157-746F-4637-B9EF-429821240017}.Release|x86.Build.0 = Release|Any CPU
		{7B68A905-87C0-4072-AB3C-F6AE2EB9619A}.Debug|Any CPU.ActiveCfg = Debug|Any CPU
		{7B68A905-87C0-4072-AB3C-F6AE2EB9619A}.Debug|Any CPU.Build.0 = Debug|Any CPU
		{7B68A905-87C0-4072-AB3C-F6AE2EB9619A}.Debug|x64.ActiveCfg = Debug|Any CPU
		{7B68A905-87C0-4072-AB3C-F6AE2EB9619A}.Debug|x64.Build.0 = Debug|Any CPU
		{7B68A905-87C0-4072-AB3C-F6AE2EB9619A}.Debug|x86.ActiveCfg = Debug|Any CPU
		{7B68A905-87C0-4072-AB3C-F6AE2EB9619A}.Debug|x86.Build.0 = Debug|Any CPU
		{7B68A905-87C0-4072-AB3C-F6AE2EB9619A}.Release|Any CPU.ActiveCfg = Release|Any CPU
		{7B68A905-87C0-4072-AB3C-F6AE2EB9619A}.Release|Any CPU.Build.0 = Release|Any CPU
		{7B68A905-87C0-4072-AB3C-F6AE2EB9619A}.Release|x64.ActiveCfg = Release|Any CPU
		{7B68A905-87C0-4072-AB3C-F6AE2EB9619A}.Release|x64.Build.0 = Release|Any CPU
		{7B68A905-87C0-4072-AB3C-F6AE2EB9619A}.Release|x86.ActiveCfg = Release|Any CPU
		{7B68A905-87C0-4072-AB3C-F6AE2EB9619A}.Release|x86.Build.0 = Release|Any CPU
		{7EB081D2-F3FD-4CD2-86D5-9DF9FA414333}.Debug|Any CPU.ActiveCfg = Debug|Any CPU
		{7EB081D2-F3FD-4CD2-86D5-9DF9FA414333}.Debug|Any CPU.Build.0 = Debug|Any CPU
		{7EB081D2-F3FD-4CD2-86D5-9DF9FA414333}.Debug|x64.ActiveCfg = Debug|Any CPU
		{7EB081D2-F3FD-4CD2-86D5-9DF9FA414333}.Debug|x64.Build.0 = Debug|Any CPU
		{7EB081D2-F3FD-4CD2-86D5-9DF9FA414333}.Debug|x86.ActiveCfg = Debug|Any CPU
		{7EB081D2-F3FD-4CD2-86D5-9DF9FA414333}.Debug|x86.Build.0 = Debug|Any CPU
		{7EB081D2-F3FD-4CD2-86D5-9DF9FA414333}.Release|Any CPU.ActiveCfg = Release|Any CPU
		{7EB081D2-F3FD-4CD2-86D5-9DF9FA414333}.Release|Any CPU.Build.0 = Release|Any CPU
		{7EB081D2-F3FD-4CD2-86D5-9DF9FA414333}.Release|x64.ActiveCfg = Release|Any CPU
		{7EB081D2-F3FD-4CD2-86D5-9DF9FA414333}.Release|x64.Build.0 = Release|Any CPU
		{7EB081D2-F3FD-4CD2-86D5-9DF9FA414333}.Release|x86.ActiveCfg = Release|Any CPU
		{7EB081D2-F3FD-4CD2-86D5-9DF9FA414333}.Release|x86.Build.0 = Release|Any CPU
		{B9D9BB73-04CD-4855-B74D-C628829233A3}.Debug|Any CPU.ActiveCfg = Debug|Any CPU
		{B9D9BB73-04CD-4855-B74D-C628829233A3}.Debug|Any CPU.Build.0 = Debug|Any CPU
		{B9D9BB73-04CD-4855-B74D-C628829233A3}.Debug|x64.ActiveCfg = Debug|Any CPU
		{B9D9BB73-04CD-4855-B74D-C628829233A3}.Debug|x64.Build.0 = Debug|Any CPU
		{B9D9BB73-04CD-4855-B74D-C628829233A3}.Debug|x86.ActiveCfg = Debug|Any CPU
		{B9D9BB73-04CD-4855-B74D-C628829233A3}.Debug|x86.Build.0 = Debug|Any CPU
		{B9D9BB73-04CD-4855-B74D-C628829233A3}.Release|Any CPU.ActiveCfg = Release|Any CPU
		{B9D9BB73-04CD-4855-B74D-C628829233A3}.Release|Any CPU.Build.0 = Release|Any CPU
		{B9D9BB73-04CD-4855-B74D-C628829233A3}.Release|x64.ActiveCfg = Release|Any CPU
		{B9D9BB73-04CD-4855-B74D-C628829233A3}.Release|x64.Build.0 = Release|Any CPU
		{B9D9BB73-04CD-4855-B74D-C628829233A3}.Release|x86.ActiveCfg = Release|Any CPU
		{B9D9BB73-04CD-4855-B74D-C628829233A3}.Release|x86.Build.0 = Release|Any CPU
		{655BDC55-985A-407A-8D72-73BC4BA6B7C4}.Debug|Any CPU.ActiveCfg = Debug|Any CPU
		{655BDC55-985A-407A-8D72-73BC4BA6B7C4}.Debug|Any CPU.Build.0 = Debug|Any CPU
		{655BDC55-985A-407A-8D72-73BC4BA6B7C4}.Debug|x64.ActiveCfg = Debug|Any CPU
		{655BDC55-985A-407A-8D72-73BC4BA6B7C4}.Debug|x64.Build.0 = Debug|Any CPU
		{655BDC55-985A-407A-8D72-73BC4BA6B7C4}.Debug|x86.ActiveCfg = Debug|Any CPU
		{655BDC55-985A-407A-8D72-73BC4BA6B7C4}.Debug|x86.Build.0 = Debug|Any CPU
		{655BDC55-985A-407A-8D72-73BC4BA6B7C4}.Release|Any CPU.ActiveCfg = Release|Any CPU
		{655BDC55-985A-407A-8D72-73BC4BA6B7C4}.Release|Any CPU.Build.0 = Release|Any CPU
		{655BDC55-985A-407A-8D72-73BC4BA6B7C4}.Release|x64.ActiveCfg = Release|Any CPU
		{655BDC55-985A-407A-8D72-73BC4BA6B7C4}.Release|x64.Build.0 = Release|Any CPU
		{655BDC55-985A-407A-8D72-73BC4BA6B7C4}.Release|x86.ActiveCfg = Release|Any CPU
		{655BDC55-985A-407A-8D72-73BC4BA6B7C4}.Release|x86.Build.0 = Release|Any CPU
		{6E32A49E-B8A6-4799-9947-557D51E63F39}.Debug|Any CPU.ActiveCfg = Debug|Any CPU
		{6E32A49E-B8A6-4799-9947-557D51E63F39}.Debug|Any CPU.Build.0 = Debug|Any CPU
		{6E32A49E-B8A6-4799-9947-557D51E63F39}.Debug|x64.ActiveCfg = Debug|Any CPU
		{6E32A49E-B8A6-4799-9947-557D51E63F39}.Debug|x64.Build.0 = Debug|Any CPU
		{6E32A49E-B8A6-4799-9947-557D51E63F39}.Debug|x86.ActiveCfg = Debug|Any CPU
		{6E32A49E-B8A6-4799-9947-557D51E63F39}.Debug|x86.Build.0 = Debug|Any CPU
		{6E32A49E-B8A6-4799-9947-557D51E63F39}.Release|Any CPU.ActiveCfg = Release|Any CPU
		{6E32A49E-B8A6-4799-9947-557D51E63F39}.Release|Any CPU.Build.0 = Release|Any CPU
		{6E32A49E-B8A6-4799-9947-557D51E63F39}.Release|x64.ActiveCfg = Release|Any CPU
		{6E32A49E-B8A6-4799-9947-557D51E63F39}.Release|x64.Build.0 = Release|Any CPU
		{6E32A49E-B8A6-4799-9947-557D51E63F39}.Release|x86.ActiveCfg = Release|Any CPU
		{6E32A49E-B8A6-4799-9947-557D51E63F39}.Release|x86.Build.0 = Release|Any CPU
		{2B8DB2D1-8C33-4C83-ACA1-92E8C144DF81}.Debug|Any CPU.ActiveCfg = Debug|Any CPU
		{2B8DB2D1-8C33-4C83-ACA1-92E8C144DF81}.Debug|Any CPU.Build.0 = Debug|Any CPU
		{2B8DB2D1-8C33-4C83-ACA1-92E8C144DF81}.Debug|x64.ActiveCfg = Debug|Any CPU
		{2B8DB2D1-8C33-4C83-ACA1-92E8C144DF81}.Debug|x64.Build.0 = Debug|Any CPU
		{2B8DB2D1-8C33-4C83-ACA1-92E8C144DF81}.Debug|x86.ActiveCfg = Debug|Any CPU
		{2B8DB2D1-8C33-4C83-ACA1-92E8C144DF81}.Debug|x86.Build.0 = Debug|Any CPU
		{2B8DB2D1-8C33-4C83-ACA1-92E8C144DF81}.Release|Any CPU.ActiveCfg = Release|Any CPU
		{2B8DB2D1-8C33-4C83-ACA1-92E8C144DF81}.Release|Any CPU.Build.0 = Release|Any CPU
		{2B8DB2D1-8C33-4C83-ACA1-92E8C144DF81}.Release|x64.ActiveCfg = Release|Any CPU
		{2B8DB2D1-8C33-4C83-ACA1-92E8C144DF81}.Release|x64.Build.0 = Release|Any CPU
		{2B8DB2D1-8C33-4C83-ACA1-92E8C144DF81}.Release|x86.ActiveCfg = Release|Any CPU
		{2B8DB2D1-8C33-4C83-ACA1-92E8C144DF81}.Release|x86.Build.0 = Release|Any CPU
		{B3D058F2-13F5-425C-BF2E-2F9703220FF3}.Debug|Any CPU.ActiveCfg = Debug|Any CPU
		{B3D058F2-13F5-425C-BF2E-2F9703220FF3}.Debug|Any CPU.Build.0 = Debug|Any CPU
		{B3D058F2-13F5-425C-BF2E-2F9703220FF3}.Debug|x64.ActiveCfg = Debug|Any CPU
		{B3D058F2-13F5-425C-BF2E-2F9703220FF3}.Debug|x64.Build.0 = Debug|Any CPU
		{B3D058F2-13F5-425C-BF2E-2F9703220FF3}.Debug|x86.ActiveCfg = Debug|Any CPU
		{B3D058F2-13F5-425C-BF2E-2F9703220FF3}.Debug|x86.Build.0 = Debug|Any CPU
		{B3D058F2-13F5-425C-BF2E-2F9703220FF3}.Release|Any CPU.ActiveCfg = Release|Any CPU
		{B3D058F2-13F5-425C-BF2E-2F9703220FF3}.Release|Any CPU.Build.0 = Release|Any CPU
		{B3D058F2-13F5-425C-BF2E-2F9703220FF3}.Release|x64.ActiveCfg = Release|Any CPU
		{B3D058F2-13F5-425C-BF2E-2F9703220FF3}.Release|x64.Build.0 = Release|Any CPU
		{B3D058F2-13F5-425C-BF2E-2F9703220FF3}.Release|x86.ActiveCfg = Release|Any CPU
		{B3D058F2-13F5-425C-BF2E-2F9703220FF3}.Release|x86.Build.0 = Release|Any CPU
		{30F31012-EDCF-4C47-B95E-110A2D3568F6}.Debug|Any CPU.ActiveCfg = Debug|Any CPU
		{30F31012-EDCF-4C47-B95E-110A2D3568F6}.Debug|Any CPU.Build.0 = Debug|Any CPU
		{30F31012-EDCF-4C47-B95E-110A2D3568F6}.Debug|x64.ActiveCfg = Debug|Any CPU
		{30F31012-EDCF-4C47-B95E-110A2D3568F6}.Debug|x64.Build.0 = Debug|Any CPU
		{30F31012-EDCF-4C47-B95E-110A2D3568F6}.Debug|x86.ActiveCfg = Debug|Any CPU
		{30F31012-EDCF-4C47-B95E-110A2D3568F6}.Debug|x86.Build.0 = Debug|Any CPU
		{30F31012-EDCF-4C47-B95E-110A2D3568F6}.Release|Any CPU.ActiveCfg = Release|Any CPU
		{30F31012-EDCF-4C47-B95E-110A2D3568F6}.Release|Any CPU.Build.0 = Release|Any CPU
		{30F31012-EDCF-4C47-B95E-110A2D3568F6}.Release|x64.ActiveCfg = Release|Any CPU
		{30F31012-EDCF-4C47-B95E-110A2D3568F6}.Release|x64.Build.0 = Release|Any CPU
		{30F31012-EDCF-4C47-B95E-110A2D3568F6}.Release|x86.ActiveCfg = Release|Any CPU
		{30F31012-EDCF-4C47-B95E-110A2D3568F6}.Release|x86.Build.0 = Release|Any CPU
		{92827167-5B27-4EB6-8F1A-C4B1743AFD3F}.Debug|Any CPU.ActiveCfg = Debug|Any CPU
		{92827167-5B27-4EB6-8F1A-C4B1743AFD3F}.Debug|Any CPU.Build.0 = Debug|Any CPU
		{92827167-5B27-4EB6-8F1A-C4B1743AFD3F}.Debug|x64.ActiveCfg = Debug|Any CPU
		{92827167-5B27-4EB6-8F1A-C4B1743AFD3F}.Debug|x64.Build.0 = Debug|Any CPU
		{92827167-5B27-4EB6-8F1A-C4B1743AFD3F}.Debug|x86.ActiveCfg = Debug|Any CPU
		{92827167-5B27-4EB6-8F1A-C4B1743AFD3F}.Debug|x86.Build.0 = Debug|Any CPU
		{92827167-5B27-4EB6-8F1A-C4B1743AFD3F}.Release|Any CPU.ActiveCfg = Release|Any CPU
		{92827167-5B27-4EB6-8F1A-C4B1743AFD3F}.Release|Any CPU.Build.0 = Release|Any CPU
		{92827167-5B27-4EB6-8F1A-C4B1743AFD3F}.Release|x64.ActiveCfg = Release|Any CPU
		{92827167-5B27-4EB6-8F1A-C4B1743AFD3F}.Release|x64.Build.0 = Release|Any CPU
		{92827167-5B27-4EB6-8F1A-C4B1743AFD3F}.Release|x86.ActiveCfg = Release|Any CPU
		{92827167-5B27-4EB6-8F1A-C4B1743AFD3F}.Release|x86.Build.0 = Release|Any CPU
		{8EEF7493-1D79-4B9A-9ABA-3B150E28F064}.Debug|Any CPU.ActiveCfg = Debug|Any CPU
		{8EEF7493-1D79-4B9A-9ABA-3B150E28F064}.Debug|Any CPU.Build.0 = Debug|Any CPU
		{8EEF7493-1D79-4B9A-9ABA-3B150E28F064}.Debug|x64.ActiveCfg = Debug|Any CPU
		{8EEF7493-1D79-4B9A-9ABA-3B150E28F064}.Debug|x64.Build.0 = Debug|Any CPU
		{8EEF7493-1D79-4B9A-9ABA-3B150E28F064}.Debug|x86.ActiveCfg = Debug|Any CPU
		{8EEF7493-1D79-4B9A-9ABA-3B150E28F064}.Debug|x86.Build.0 = Debug|Any CPU
		{8EEF7493-1D79-4B9A-9ABA-3B150E28F064}.Release|Any CPU.ActiveCfg = Release|Any CPU
		{8EEF7493-1D79-4B9A-9ABA-3B150E28F064}.Release|Any CPU.Build.0 = Release|Any CPU
		{8EEF7493-1D79-4B9A-9ABA-3B150E28F064}.Release|x64.ActiveCfg = Release|Any CPU
		{8EEF7493-1D79-4B9A-9ABA-3B150E28F064}.Release|x64.Build.0 = Release|Any CPU
		{8EEF7493-1D79-4B9A-9ABA-3B150E28F064}.Release|x86.ActiveCfg = Release|Any CPU
		{8EEF7493-1D79-4B9A-9ABA-3B150E28F064}.Release|x86.Build.0 = Release|Any CPU
		{9ADB7846-FE27-4774-A048-2FA19EECAC3E}.Debug|Any CPU.ActiveCfg = Debug|Any CPU
		{9ADB7846-FE27-4774-A048-2FA19EECAC3E}.Debug|Any CPU.Build.0 = Debug|Any CPU
		{9ADB7846-FE27-4774-A048-2FA19EECAC3E}.Debug|x64.ActiveCfg = Debug|Any CPU
		{9ADB7846-FE27-4774-A048-2FA19EECAC3E}.Debug|x64.Build.0 = Debug|Any CPU
		{9ADB7846-FE27-4774-A048-2FA19EECAC3E}.Debug|x86.ActiveCfg = Debug|Any CPU
		{9ADB7846-FE27-4774-A048-2FA19EECAC3E}.Debug|x86.Build.0 = Debug|Any CPU
		{9ADB7846-FE27-4774-A048-2FA19EECAC3E}.Release|Any CPU.ActiveCfg = Release|Any CPU
		{9ADB7846-FE27-4774-A048-2FA19EECAC3E}.Release|Any CPU.Build.0 = Release|Any CPU
		{9ADB7846-FE27-4774-A048-2FA19EECAC3E}.Release|x64.ActiveCfg = Release|Any CPU
		{9ADB7846-FE27-4774-A048-2FA19EECAC3E}.Release|x64.Build.0 = Release|Any CPU
		{9ADB7846-FE27-4774-A048-2FA19EECAC3E}.Release|x86.ActiveCfg = Release|Any CPU
		{9ADB7846-FE27-4774-A048-2FA19EECAC3E}.Release|x86.Build.0 = Release|Any CPU
		{FAC34D7D-969E-444E-94F5-A5140EE1F3D6}.Debug|Any CPU.ActiveCfg = Debug|Any CPU
		{FAC34D7D-969E-444E-94F5-A5140EE1F3D6}.Debug|Any CPU.Build.0 = Debug|Any CPU
		{FAC34D7D-969E-444E-94F5-A5140EE1F3D6}.Debug|x64.ActiveCfg = Debug|Any CPU
		{FAC34D7D-969E-444E-94F5-A5140EE1F3D6}.Debug|x64.Build.0 = Debug|Any CPU
		{FAC34D7D-969E-444E-94F5-A5140EE1F3D6}.Debug|x86.ActiveCfg = Debug|Any CPU
		{FAC34D7D-969E-444E-94F5-A5140EE1F3D6}.Debug|x86.Build.0 = Debug|Any CPU
		{FAC34D7D-969E-444E-94F5-A5140EE1F3D6}.Release|Any CPU.ActiveCfg = Release|Any CPU
		{FAC34D7D-969E-444E-94F5-A5140EE1F3D6}.Release|Any CPU.Build.0 = Release|Any CPU
		{FAC34D7D-969E-444E-94F5-A5140EE1F3D6}.Release|x64.ActiveCfg = Release|Any CPU
		{FAC34D7D-969E-444E-94F5-A5140EE1F3D6}.Release|x64.Build.0 = Release|Any CPU
		{FAC34D7D-969E-444E-94F5-A5140EE1F3D6}.Release|x86.ActiveCfg = Release|Any CPU
		{FAC34D7D-969E-444E-94F5-A5140EE1F3D6}.Release|x86.Build.0 = Release|Any CPU
		{C75EC492-C404-488B-ABAC-DE09ACC6B239}.Debug|Any CPU.ActiveCfg = Debug|Any CPU
		{C75EC492-C404-488B-ABAC-DE09ACC6B239}.Debug|Any CPU.Build.0 = Debug|Any CPU
		{C75EC492-C404-488B-ABAC-DE09ACC6B239}.Debug|x64.ActiveCfg = Debug|Any CPU
		{C75EC492-C404-488B-ABAC-DE09ACC6B239}.Debug|x64.Build.0 = Debug|Any CPU
		{C75EC492-C404-488B-ABAC-DE09ACC6B239}.Debug|x86.ActiveCfg = Debug|Any CPU
		{C75EC492-C404-488B-ABAC-DE09ACC6B239}.Debug|x86.Build.0 = Debug|Any CPU
		{C75EC492-C404-488B-ABAC-DE09ACC6B239}.Release|Any CPU.ActiveCfg = Release|Any CPU
		{C75EC492-C404-488B-ABAC-DE09ACC6B239}.Release|Any CPU.Build.0 = Release|Any CPU
		{C75EC492-C404-488B-ABAC-DE09ACC6B239}.Release|x64.ActiveCfg = Release|Any CPU
		{C75EC492-C404-488B-ABAC-DE09ACC6B239}.Release|x64.Build.0 = Release|Any CPU
		{C75EC492-C404-488B-ABAC-DE09ACC6B239}.Release|x86.ActiveCfg = Release|Any CPU
		{C75EC492-C404-488B-ABAC-DE09ACC6B239}.Release|x86.Build.0 = Release|Any CPU
		{CF9ABA63-4620-457E-80E8-A6DD315AE64A}.Debug|Any CPU.ActiveCfg = Debug|Any CPU
		{CF9ABA63-4620-457E-80E8-A6DD315AE64A}.Debug|Any CPU.Build.0 = Debug|Any CPU
		{CF9ABA63-4620-457E-80E8-A6DD315AE64A}.Debug|x64.ActiveCfg = Debug|Any CPU
		{CF9ABA63-4620-457E-80E8-A6DD315AE64A}.Debug|x64.Build.0 = Debug|Any CPU
		{CF9ABA63-4620-457E-80E8-A6DD315AE64A}.Debug|x86.ActiveCfg = Debug|Any CPU
		{CF9ABA63-4620-457E-80E8-A6DD315AE64A}.Debug|x86.Build.0 = Debug|Any CPU
		{CF9ABA63-4620-457E-80E8-A6DD315AE64A}.Release|Any CPU.ActiveCfg = Release|Any CPU
		{CF9ABA63-4620-457E-80E8-A6DD315AE64A}.Release|Any CPU.Build.0 = Release|Any CPU
		{CF9ABA63-4620-457E-80E8-A6DD315AE64A}.Release|x64.ActiveCfg = Release|Any CPU
		{CF9ABA63-4620-457E-80E8-A6DD315AE64A}.Release|x64.Build.0 = Release|Any CPU
		{CF9ABA63-4620-457E-80E8-A6DD315AE64A}.Release|x86.ActiveCfg = Release|Any CPU
		{CF9ABA63-4620-457E-80E8-A6DD315AE64A}.Release|x86.Build.0 = Release|Any CPU
		{A89520F4-A448-475A-A58B-CE7C689C2748}.Debug|Any CPU.ActiveCfg = Debug|Any CPU
		{A89520F4-A448-475A-A58B-CE7C689C2748}.Debug|Any CPU.Build.0 = Debug|Any CPU
		{A89520F4-A448-475A-A58B-CE7C689C2748}.Debug|x64.ActiveCfg = Debug|Any CPU
		{A89520F4-A448-475A-A58B-CE7C689C2748}.Debug|x64.Build.0 = Debug|Any CPU
		{A89520F4-A448-475A-A58B-CE7C689C2748}.Debug|x86.ActiveCfg = Debug|Any CPU
		{A89520F4-A448-475A-A58B-CE7C689C2748}.Debug|x86.Build.0 = Debug|Any CPU
		{A89520F4-A448-475A-A58B-CE7C689C2748}.Release|Any CPU.ActiveCfg = Release|Any CPU
		{A89520F4-A448-475A-A58B-CE7C689C2748}.Release|Any CPU.Build.0 = Release|Any CPU
		{A89520F4-A448-475A-A58B-CE7C689C2748}.Release|x64.ActiveCfg = Release|Any CPU
		{A89520F4-A448-475A-A58B-CE7C689C2748}.Release|x64.Build.0 = Release|Any CPU
		{A89520F4-A448-475A-A58B-CE7C689C2748}.Release|x86.ActiveCfg = Release|Any CPU
		{A89520F4-A448-475A-A58B-CE7C689C2748}.Release|x86.Build.0 = Release|Any CPU
	EndGlobalSection
	GlobalSection(SolutionProperties) = preSolution
		HideSolutionNode = FALSE
	EndGlobalSection
	GlobalSection(NestedProjects) = preSolution
		{AF7487F6-9B74-3A2E-AA7A-88C9E30C1622} = {B33F7F66-95C7-97AE-2462-F6D15419E3EF}
		{03C92A94-79DD-43E7-92A5-5B461322B73B} = {AF7487F6-9B74-3A2E-AA7A-88C9E30C1622}
		{0DA504CA-5899-467E-8514-D3D762BD7D12} = {AF7487F6-9B74-3A2E-AA7A-88C9E30C1622}
		{2EAEFC99-D6A1-482A-B05B-E4A8E7BFB6C4} = {AF7487F6-9B74-3A2E-AA7A-88C9E30C1622}
		{95BABE7A-8801-46EF-85AE-183A5B210FB7} = {AF7487F6-9B74-3A2E-AA7A-88C9E30C1622}
		{F6A3B3CA-1445-1C70-6A2F-5501CE63D136} = {B33F7F66-95C7-97AE-2462-F6D15419E3EF}
		{95866DBA-A9DB-457D-9D81-2FA0C68DB48E} = {F6A3B3CA-1445-1C70-6A2F-5501CE63D136}
		{2742B9B6-9050-45D3-8561-D77788B75E61} = {F6A3B3CA-1445-1C70-6A2F-5501CE63D136}
		{72FC378D-D3ED-4ADC-8CEA-170B1527B5A8} = {F6A3B3CA-1445-1C70-6A2F-5501CE63D136}
		{4CA62207-04BD-4E14-9E51-3BBEF38901F6} = {827E0CD3-B72D-47B6-A68D-7590B98EB39B}
		{CF2F43BB-86A7-44E3-93D7-459ADE0AEC18} = {827E0CD3-B72D-47B6-A68D-7590B98EB39B}
		{437620B4-4943-4DE2-A5C7-803DD85D8781} = {827E0CD3-B72D-47B6-A68D-7590B98EB39B}
		{F6F6C85B-3C85-44C5-9A8B-8C2B7791E65E} = {827E0CD3-B72D-47B6-A68D-7590B98EB39B}
		{71C9FB6B-F90E-4B24-82B0-4A7A1D3D31C9} = {827E0CD3-B72D-47B6-A68D-7590B98EB39B}
		{7A059E40-2E18-4509-9278-CD0631A4880C} = {827E0CD3-B72D-47B6-A68D-7590B98EB39B}
		{8C1A626C-C1BD-410C-B2CC-7BE760623191} = {827E0CD3-B72D-47B6-A68D-7590B98EB39B}
		{4AB4B157-746F-4637-B9EF-429821240017} = {0AB3BF05-4346-4AA6-1389-037BE0695223}
		{7B68A905-87C0-4072-AB3C-F6AE2EB9619A} = {0AB3BF05-4346-4AA6-1389-037BE0695223}
		{7EB081D2-F3FD-4CD2-86D5-9DF9FA414333} = {0AB3BF05-4346-4AA6-1389-037BE0695223}
		{B9D9BB73-04CD-4855-B74D-C628829233A3} = {0AB3BF05-4346-4AA6-1389-037BE0695223}
		{655BDC55-985A-407A-8D72-73BC4BA6B7C4} = {0AB3BF05-4346-4AA6-1389-037BE0695223}
		{6E32A49E-B8A6-4799-9947-557D51E63F39} = {0AB3BF05-4346-4AA6-1389-037BE0695223}
		{2B8DB2D1-8C33-4C83-ACA1-92E8C144DF81} = {0AB3BF05-4346-4AA6-1389-037BE0695223}
		{B3D058F2-13F5-425C-BF2E-2F9703220FF3} = {0AB3BF05-4346-4AA6-1389-037BE0695223}
		{30F31012-EDCF-4C47-B95E-110A2D3568F6} = {0AB3BF05-4346-4AA6-1389-037BE0695223}
		{92827167-5B27-4EB6-8F1A-C4B1743AFD3F} = {0AB3BF05-4346-4AA6-1389-037BE0695223}
		{8EEF7493-1D79-4B9A-9ABA-3B150E28F064} = {0AB3BF05-4346-4AA6-1389-037BE0695223}
		{9ADB7846-FE27-4774-A048-2FA19EECAC3E} = {B9691A9C-0EAA-B547-47F2-574C473EBA1C}
		{FAC34D7D-969E-444E-94F5-A5140EE1F3D6} = {B9691A9C-0EAA-B547-47F2-574C473EBA1C}
		{C75EC492-C404-488B-ABAC-DE09ACC6B239} = {B9691A9C-0EAA-B547-47F2-574C473EBA1C}
		{CF9ABA63-4620-457E-80E8-A6DD315AE64A} = {B9691A9C-0EAA-B547-47F2-574C473EBA1C}
		{A89520F4-A448-475A-A58B-CE7C689C2748} = {AF7487F6-9B74-3A2E-AA7A-88C9E30C1622}
	EndGlobalSection
EndGlobal
